// !$*UTF8*$!
{
	archiveVersion = 1;
	classes = {
	};
	objectVersion = 56;
	objects = {

/* Begin PBXBuildFile section */
		DE3E78BC2A294B9100D3A66D /* AppDelegate.swift in Sources */ = {isa = PBXBuildFile; fileRef = DE3E78BB2A294B9100D3A66D /* AppDelegate.swift */; };
		DE3E78BE2A294B9100D3A66D /* SceneDelegate.swift in Sources */ = {isa = PBXBuildFile; fileRef = DE3E78BD2A294B9100D3A66D /* SceneDelegate.swift */; };
		DE3E78C02A294B9100D3A66D /* ViewController.swift in Sources */ = {isa = PBXBuildFile; fileRef = DE3E78BF2A294B9100D3A66D /* ViewController.swift */; };
		DE3E78C32A294B9100D3A66D /* Main.storyboard in Resources */ = {isa = PBXBuildFile; fileRef = DE3E78C12A294B9100D3A66D /* Main.storyboard */; };
		DE3E78C52A294B9300D3A66D /* Assets.xcassets in Resources */ = {isa = PBXBuildFile; fileRef = DE3E78C42A294B9300D3A66D /* Assets.xcassets */; };
		DE3E78C82A294B9300D3A66D /* LaunchScreen.storyboard in Resources */ = {isa = PBXBuildFile; fileRef = DE3E78C62A294B9300D3A66D /* LaunchScreen.storyboard */; };
		DE3E78D32A294B9400D3A66D /* calculatorTests.swift in Sources */ = {isa = PBXBuildFile; fileRef = DE3E78D22A294B9400D3A66D /* calculatorTests.swift */; };
		DE3E78DD2A294B9400D3A66D /* calculatorUITests.swift in Sources */ = {isa = PBXBuildFile; fileRef = DE3E78DC2A294B9400D3A66D /* calculatorUITests.swift */; };
		DE3E78DF2A294B9400D3A66D /* calculatorUITestsLaunchTests.swift in Sources */ = {isa = PBXBuildFile; fileRef = DE3E78DE2A294B9400D3A66D /* calculatorUITestsLaunchTests.swift */; };
/* End PBXBuildFile section */

/* Begin PBXContainerItemProxy section */
		DE3E78CF2A294B9400D3A66D /* PBXContainerItemProxy */ = {
			isa = PBXContainerItemProxy;
			containerPortal = DE3E78B02A294B9100D3A66D /* Project object */;
			proxyType = 1;
			remoteGlobalIDString = DE3E78B72A294B9100D3A66D;
			remoteInfo = calculator;
		};
		DE3E78D92A294B9400D3A66D /* PBXContainerItemProxy */ = {
			isa = PBXContainerItemProxy;
			containerPortal = DE3E78B02A294B9100D3A66D /* Project object */;
			proxyType = 1;
			remoteGlobalIDString = DE3E78B72A294B9100D3A66D;
			remoteInfo = calculator;
		};
/* End PBXContainerItemProxy section */

/* Begin PBXFileReference section */
		DE3E78B82A294B9100D3A66D /* calculator.app */ = {isa = PBXFileReference; explicitFileType = wrapper.application; includeInIndex = 0; path = calculator.app; sourceTree = BUILT_PRODUCTS_DIR; };
		DE3E78BB2A294B9100D3A66D /* AppDelegate.swift */ = {isa = PBXFileReference; lastKnownFileType = sourcecode.swift; path = AppDelegate.swift; sourceTree = "<group>"; };
		DE3E78BD2A294B9100D3A66D /* SceneDelegate.swift */ = {isa = PBXFileReference; lastKnownFileType = sourcecode.swift; path = SceneDelegate.swift; sourceTree = "<group>"; };
		DE3E78BF2A294B9100D3A66D /* ViewController.swift */ = {isa = PBXFileReference; lastKnownFileType = sourcecode.swift; path = ViewController.swift; sourceTree = "<group>"; };
		DE3E78C22A294B9100D3A66D /* Base */ = {isa = PBXFileReference; lastKnownFileType = file.storyboard; name = Base; path = Base.lproj/Main.storyboard; sourceTree = "<group>"; };
		DE3E78C42A294B9300D3A66D /* Assets.xcassets */ = {isa = PBXFileReference; lastKnownFileType = folder.assetcatalog; path = Assets.xcassets; sourceTree = "<group>"; };
		DE3E78C72A294B9300D3A66D /* Base */ = {isa = PBXFileReference; lastKnownFileType = file.storyboard; name = Base; path = Base.lproj/LaunchScreen.storyboard; sourceTree = "<group>"; };
		DE3E78C92A294B9300D3A66D /* Info.plist */ = {isa = PBXFileReference; lastKnownFileType = text.plist.xml; path = Info.plist; sourceTree = "<group>"; };
		DE3E78CE2A294B9400D3A66D /* calculatorTests.xctest */ = {isa = PBXFileReference; explicitFileType = wrapper.cfbundle; includeInIndex = 0; path = calculatorTests.xctest; sourceTree = BUILT_PRODUCTS_DIR; };
		DE3E78D22A294B9400D3A66D /* calculatorTests.swift */ = {isa = PBXFileReference; lastKnownFileType = sourcecode.swift; path = calculatorTests.swift; sourceTree = "<group>"; };
		DE3E78D82A294B9400D3A66D /* calculatorUITests.xctest */ = {isa = PBXFileReference; explicitFileType = wrapper.cfbundle; includeInIndex = 0; path = calculatorUITests.xctest; sourceTree = BUILT_PRODUCTS_DIR; };
		DE3E78DC2A294B9400D3A66D /* calculatorUITests.swift */ = {isa = PBXFileReference; lastKnownFileType = sourcecode.swift; path = calculatorUITests.swift; sourceTree = "<group>"; };
		DE3E78DE2A294B9400D3A66D /* calculatorUITestsLaunchTests.swift */ = {isa = PBXFileReference; lastKnownFileType = sourcecode.swift; path = calculatorUITestsLaunchTests.swift; sourceTree = "<group>"; };
/* End PBXFileReference section */

/* Begin PBXFrameworksBuildPhase section */
		DE3E78B52A294B9100D3A66D /* Frameworks */ = {
			isa = PBXFrameworksBuildPhase;
			buildActionMask = 2147483647;
			files = (
			);
			runOnlyForDeploymentPostprocessing = 0;
		};
		DE3E78CB2A294B9400D3A66D /* Frameworks */ = {
			isa = PBXFrameworksBuildPhase;
			buildActionMask = 2147483647;
			files = (
			);
			runOnlyForDeploymentPostprocessing = 0;
		};
		DE3E78D52A294B9400D3A66D /* Frameworks */ = {
			isa = PBXFrameworksBuildPhase;
			buildActionMask = 2147483647;
			files = (
			);
			runOnlyForDeploymentPostprocessing = 0;
		};
/* End PBXFrameworksBuildPhase section */

/* Begin PBXGroup section */
		DE3E78AF2A294B9100D3A66D = {
			isa = PBXGroup;
			children = (
				DE3E78BA2A294B9100D3A66D /* calculator */,
				DE3E78D12A294B9400D3A66D /* calculatorTests */,
				DE3E78DB2A294B9400D3A66D /* calculatorUITests */,
				DE3E78B92A294B9100D3A66D /* Products */,
			);
			sourceTree = "<group>";
		};
		DE3E78B92A294B9100D3A66D /* Products */ = {
			isa = PBXGroup;
			children = (
				DE3E78B82A294B9100D3A66D /* calculator.app */,
				DE3E78CE2A294B9400D3A66D /* calculatorTests.xctest */,
				DE3E78D82A294B9400D3A66D /* calculatorUITests.xctest */,
			);
			name = Products;
			sourceTree = "<group>";
		};
		DE3E78BA2A294B9100D3A66D /* calculator */ = {
			isa = PBXGroup;
			children = (
				DE3E78BB2A294B9100D3A66D /* AppDelegate.swift */,
				DE3E78BD2A294B9100D3A66D /* SceneDelegate.swift */,
				DE3E78BF2A294B9100D3A66D /* ViewController.swift */,
				DE3E78C12A294B9100D3A66D /* Main.storyboard */,
				DE3E78C42A294B9300D3A66D /* Assets.xcassets */,
				DE3E78C62A294B9300D3A66D /* LaunchScreen.storyboard */,
				DE3E78C92A294B9300D3A66D /* Info.plist */,
			);
			path = calculator;
			sourceTree = "<group>";
		};
		DE3E78D12A294B9400D3A66D /* calculatorTests */ = {
			isa = PBXGroup;
			children = (
				DE3E78D22A294B9400D3A66D /* calculatorTests.swift */,
			);
			path = calculatorTests;
			sourceTree = "<group>";
		};
		DE3E78DB2A294B9400D3A66D /* calculatorUITests */ = {
			isa = PBXGroup;
			children = (
				DE3E78DC2A294B9400D3A66D /* calculatorUITests.swift */,
				DE3E78DE2A294B9400D3A66D /* calculatorUITestsLaunchTests.swift */,
			);
			path = calculatorUITests;
			sourceTree = "<group>";
		};
/* End PBXGroup section */

/* Begin PBXNativeTarget section */
		DE3E78B72A294B9100D3A66D /* calculator */ = {
			isa = PBXNativeTarget;
			buildConfigurationList = DE3E78E22A294B9400D3A66D /* Build configuration list for PBXNativeTarget "calculator" */;
			buildPhases = (
				DE3E78B42A294B9100D3A66D /* Sources */,
				DE3E78B52A294B9100D3A66D /* Frameworks */,
				DE3E78B62A294B9100D3A66D /* Resources */,
			);
			buildRules = (
			);
			dependencies = (
			);
			name = calculator;
			productName = calculator;
			productReference = DE3E78B82A294B9100D3A66D /* calculator.app */;
			productType = "com.apple.product-type.application";
		};
		DE3E78CD2A294B9400D3A66D /* calculatorTests */ = {
			isa = PBXNativeTarget;
			buildConfigurationList = DE3E78E52A294B9400D3A66D /* Build configuration list for PBXNativeTarget "calculatorTests" */;
			buildPhases = (
				DE3E78CA2A294B9400D3A66D /* Sources */,
				DE3E78CB2A294B9400D3A66D /* Frameworks */,
				DE3E78CC2A294B9400D3A66D /* Resources */,
			);
			buildRules = (
			);
			dependencies = (
				DE3E78D02A294B9400D3A66D /* PBXTargetDependency */,
			);
			name = calculatorTests;
			productName = calculatorTests;
			productReference = DE3E78CE2A294B9400D3A66D /* calculatorTests.xctest */;
			productType = "com.apple.product-type.bundle.unit-test";
		};
		DE3E78D72A294B9400D3A66D /* calculatorUITests */ = {
			isa = PBXNativeTarget;
			buildConfigurationList = DE3E78E82A294B9400D3A66D /* Build configuration list for PBXNativeTarget "calculatorUITests" */;
			buildPhases = (
				DE3E78D42A294B9400D3A66D /* Sources */,
				DE3E78D52A294B9400D3A66D /* Frameworks */,
				DE3E78D62A294B9400D3A66D /* Resources */,
			);
			buildRules = (
			);
			dependencies = (
				DE3E78DA2A294B9400D3A66D /* PBXTargetDependency */,
			);
			name = calculatorUITests;
			productName = calculatorUITests;
			productReference = DE3E78D82A294B9400D3A66D /* calculatorUITests.xctest */;
			productType = "com.apple.product-type.bundle.ui-testing";
		};
/* End PBXNativeTarget section */

/* Begin PBXProject section */
		DE3E78B02A294B9100D3A66D /* Project object */ = {
			isa = PBXProject;
			attributes = {
				BuildIndependentTargetsInParallel = 1;
				LastSwiftUpdateCheck = 1430;
				LastUpgradeCheck = 1430;
				TargetAttributes = {
					DE3E78B72A294B9100D3A66D = {
						CreatedOnToolsVersion = 14.3;
					};
					DE3E78CD2A294B9400D3A66D = {
						CreatedOnToolsVersion = 14.3;
						TestTargetID = DE3E78B72A294B9100D3A66D;
					};
					DE3E78D72A294B9400D3A66D = {
						CreatedOnToolsVersion = 14.3;
						TestTargetID = DE3E78B72A294B9100D3A66D;
					};
				};
			};
			buildConfigurationList = DE3E78B32A294B9100D3A66D /* Build configuration list for PBXProject "calculator" */;
			compatibilityVersion = "Xcode 14.0";
			developmentRegion = en;
			hasScannedForEncodings = 0;
			knownRegions = (
				en,
				Base,
			);
			mainGroup = DE3E78AF2A294B9100D3A66D;
			productRefGroup = DE3E78B92A294B9100D3A66D /* Products */;
			projectDirPath = "";
			projectRoot = "";
			targets = (
				DE3E78B72A294B9100D3A66D /* calculator */,
				DE3E78CD2A294B9400D3A66D /* calculatorTests */,
				DE3E78D72A294B9400D3A66D /* calculatorUITests */,
			);
		};
/* End PBXProject section */

/* Begin PBXResourcesBuildPhase section */
		DE3E78B62A294B9100D3A66D /* Resources */ = {
			isa = PBXResourcesBuildPhase;
			buildActionMask = 2147483647;
			files = (
				DE3E78C82A294B9300D3A66D /* LaunchScreen.storyboard in Resources */,
				DE3E78C52A294B9300D3A66D /* Assets.xcassets in Resources */,
				DE3E78C32A294B9100D3A66D /* Main.storyboard in Resources */,
			);
			runOnlyForDeploymentPostprocessing = 0;
		};
		DE3E78CC2A294B9400D3A66D /* Resources */ = {
			isa = PBXResourcesBuildPhase;
			buildActionMask = 2147483647;
			files = (
			);
			runOnlyForDeploymentPostprocessing = 0;
		};
		DE3E78D62A294B9400D3A66D /* Resources */ = {
			isa = PBXResourcesBuildPhase;
			buildActionMask = 2147483647;
			files = (
			);
			runOnlyForDeploymentPostprocessing = 0;
		};
/* End PBXResourcesBuildPhase section */

/* Begin PBXSourcesBuildPhase section */
		DE3E78B42A294B9100D3A66D /* Sources */ = {
			isa = PBXSourcesBuildPhase;
			buildActionMask = 2147483647;
			files = (
				DE3E78C02A294B9100D3A66D /* ViewController.swift in Sources */,
				DE3E78BC2A294B9100D3A66D /* AppDelegate.swift in Sources */,
				DE3E78BE2A294B9100D3A66D /* SceneDelegate.swift in Sources */,
			);
			runOnlyForDeploymentPostprocessing = 0;
		};
		DE3E78CA2A294B9400D3A66D /* Sources */ = {
			isa = PBXSourcesBuildPhase;
			buildActionMask = 2147483647;
			files = (
				DE3E78D32A294B9400D3A66D /* calculatorTests.swift in Sources */,
			);
			runOnlyForDeploymentPostprocessing = 0;
		};
		DE3E78D42A294B9400D3A66D /* Sources */ = {
			isa = PBXSourcesBuildPhase;
			buildActionMask = 2147483647;
			files = (
				DE3E78DF2A294B9400D3A66D /* calculatorUITestsLaunchTests.swift in Sources */,
				DE3E78DD2A294B9400D3A66D /* calculatorUITests.swift in Sources */,
			);
			runOnlyForDeploymentPostprocessing = 0;
		};
/* End PBXSourcesBuildPhase section */

/* Begin PBXTargetDependency section */
		DE3E78D02A294B9400D3A66D /* PBXTargetDependency */ = {
			isa = PBXTargetDependency;
			target = DE3E78B72A294B9100D3A66D /* calculator */;
			targetProxy = DE3E78CF2A294B9400D3A66D /* PBXContainerItemProxy */;
		};
		DE3E78DA2A294B9400D3A66D /* PBXTargetDependency */ = {
			isa = PBXTargetDependency;
			target = DE3E78B72A294B9100D3A66D /* calculator */;
			targetProxy = DE3E78D92A294B9400D3A66D /* PBXContainerItemProxy */;
		};
/* End PBXTargetDependency section */

/* Begin PBXVariantGroup section */
		DE3E78C12A294B9100D3A66D /* Main.storyboard */ = {
			isa = PBXVariantGroup;
			children = (
				DE3E78C22A294B9100D3A66D /* Base */,
			);
			name = Main.storyboard;
			sourceTree = "<group>";
		};
		DE3E78C62A294B9300D3A66D /* LaunchScreen.storyboard */ = {
			isa = PBXVariantGroup;
			children = (
				DE3E78C72A294B9300D3A66D /* Base */,
			);
			name = LaunchScreen.storyboard;
			sourceTree = "<group>";
		};
/* End PBXVariantGroup section */

/* Begin XCBuildConfiguration section */
		DE3E78E02A294B9400D3A66D /* Debug */ = {
			isa = XCBuildConfiguration;
			buildSettings = {
				ALWAYS_SEARCH_USER_PATHS = NO;
				CLANG_ANALYZER_NONNULL = YES;
				CLANG_ANALYZER_NUMBER_OBJECT_CONVERSION = YES_AGGRESSIVE;
				CLANG_CXX_LANGUAGE_STANDARD = "gnu++20";
				CLANG_ENABLE_MODULES = YES;
				CLANG_ENABLE_OBJC_ARC = YES;
				CLANG_ENABLE_OBJC_WEAK = YES;
				CLANG_WARN_BLOCK_CAPTURE_AUTORELEASING = YES;
				CLANG_WARN_BOOL_CONVERSION = YES;
				CLANG_WARN_COMMA = YES;
				CLANG_WARN_CONSTANT_CONVERSION = YES;
				CLANG_WARN_DEPRECATED_OBJC_IMPLEMENTATIONS = YES;
				CLANG_WARN_DIRECT_OBJC_ISA_USAGE = YES_ERROR;
				CLANG_WARN_DOCUMENTATION_COMMENTS = YES;
				CLANG_WARN_EMPTY_BODY = YES;
				CLANG_WARN_ENUM_CONVERSION = YES;
				CLANG_WARN_INFINITE_RECURSION = YES;
				CLANG_WARN_INT_CONVERSION = YES;
				CLANG_WARN_NON_LITERAL_NULL_CONVERSION = YES;
				CLANG_WARN_OBJC_IMPLICIT_RETAIN_SELF = YES;
				CLANG_WARN_OBJC_LITERAL_CONVERSION = YES;
				CLANG_WARN_OBJC_ROOT_CLASS = YES_ERROR;
				CLANG_WARN_QUOTED_INCLUDE_IN_FRAMEWORK_HEADER = YES;
				CLANG_WARN_RANGE_LOOP_ANALYSIS = YES;
				CLANG_WARN_STRICT_PROTOTYPES = YES;
				CLANG_WARN_SUSPICIOUS_MOVE = YES;
				CLANG_WARN_UNGUARDED_AVAILABILITY = YES_AGGRESSIVE;
				CLANG_WARN_UNREACHABLE_CODE = YES;
				CLANG_WARN__DUPLICATE_METHOD_MATCH = YES;
				COPY_PHASE_STRIP = NO;
				DEBUG_INFORMATION_FORMAT = dwarf;
				ENABLE_STRICT_OBJC_MSGSEND = YES;
				ENABLE_TESTABILITY = YES;
				GCC_C_LANGUAGE_STANDARD = gnu11;
				GCC_DYNAMIC_NO_PIC = NO;
				GCC_NO_COMMON_BLOCKS = YES;
				GCC_OPTIMIZATION_LEVEL = 0;
				GCC_PREPROCESSOR_DEFINITIONS = (
					"DEBUG=1",
					"$(inherited)",
				);
				GCC_WARN_64_TO_32_BIT_CONVERSION = YES;
				GCC_WARN_ABOUT_RETURN_TYPE = YES_ERROR;
				GCC_WARN_UNDECLARED_SELECTOR = YES;
				GCC_WARN_UNINITIALIZED_AUTOS = YES_AGGRESSIVE;
				GCC_WARN_UNUSED_FUNCTION = YES;
				GCC_WARN_UNUSED_VARIABLE = YES;
				IPHONEOS_DEPLOYMENT_TARGET = 16.4;
				MTL_ENABLE_DEBUG_INFO = INCLUDE_SOURCE;
				MTL_FAST_MATH = YES;
				ONLY_ACTIVE_ARCH = YES;
				SDKROOT = iphoneos;
				SWIFT_ACTIVE_COMPILATION_CONDITIONS = DEBUG;
				SWIFT_OPTIMIZATION_LEVEL = "-Onone";
			};
			name = Debug;
		};
		DE3E78E12A294B9400D3A66D /* Release */ = {
			isa = XCBuildConfiguration;
			buildSettings = {
				ALWAYS_SEARCH_USER_PATHS = NO;
				CLANG_ANALYZER_NONNULL = YES;
				CLANG_ANALYZER_NUMBER_OBJECT_CONVERSION = YES_AGGRESSIVE;
				CLANG_CXX_LANGUAGE_STANDARD = "gnu++20";
				CLANG_ENABLE_MODULES = YES;
				CLANG_ENABLE_OBJC_ARC = YES;
				CLANG_ENABLE_OBJC_WEAK = YES;
				CLANG_WARN_BLOCK_CAPTURE_AUTORELEASING = YES;
				CLANG_WARN_BOOL_CONVERSION = YES;
				CLANG_WARN_COMMA = YES;
				CLANG_WARN_CONSTANT_CONVERSION = YES;
				CLANG_WARN_DEPRECATED_OBJC_IMPLEMENTATIONS = YES;
				CLANG_WARN_DIRECT_OBJC_ISA_USAGE = YES_ERROR;
				CLANG_WARN_DOCUMENTATION_COMMENTS = YES;
				CLANG_WARN_EMPTY_BODY = YES;
				CLANG_WARN_ENUM_CONVERSION = YES;
				CLANG_WARN_INFINITE_RECURSION = YES;
				CLANG_WARN_INT_CONVERSION = YES;
				CLANG_WARN_NON_LITERAL_NULL_CONVERSION = YES;
				CLANG_WARN_OBJC_IMPLICIT_RETAIN_SELF = YES;
				CLANG_WARN_OBJC_LITERAL_CONVERSION = YES;
				CLANG_WARN_OBJC_ROOT_CLASS = YES_ERROR;
				CLANG_WARN_QUOTED_INCLUDE_IN_FRAMEWORK_HEADER = YES;
				CLANG_WARN_RANGE_LOOP_ANALYSIS = YES;
				CLANG_WARN_STRICT_PROTOTYPES = YES;
				CLANG_WARN_SUSPICIOUS_MOVE = YES;
				CLANG_WARN_UNGUARDED_AVAILABILITY = YES_AGGRESSIVE;
				CLANG_WARN_UNREACHABLE_CODE = YES;
				CLANG_WARN__DUPLICATE_METHOD_MATCH = YES;
				COPY_PHASE_STRIP = NO;
				DEBUG_INFORMATION_FORMAT = "dwarf-with-dsym";
				ENABLE_NS_ASSERTIONS = NO;
				ENABLE_STRICT_OBJC_MSGSEND = YES;
				GCC_C_LANGUAGE_STANDARD = gnu11;
				GCC_NO_COMMON_BLOCKS = YES;
				GCC_WARN_64_TO_32_BIT_CONVERSION = YES;
				GCC_WARN_ABOUT_RETURN_TYPE = YES_ERROR;
				GCC_WARN_UNDECLARED_SELECTOR = YES;
				GCC_WARN_UNINITIALIZED_AUTOS = YES_AGGRESSIVE;
				GCC_WARN_UNUSED_FUNCTION = YES;
				GCC_WARN_UNUSED_VARIABLE = YES;
				IPHONEOS_DEPLOYMENT_TARGET = 16.4;
				MTL_ENABLE_DEBUG_INFO = NO;
				MTL_FAST_MATH = YES;
				SDKROOT = iphoneos;
				SWIFT_COMPILATION_MODE = wholemodule;
				SWIFT_OPTIMIZATION_LEVEL = "-O";
				VALIDATE_PRODUCT = YES;
			};
			name = Release;
		};
		DE3E78E32A294B9400D3A66D /* Debug */ = {
			isa = XCBuildConfiguration;
			buildSettings = {
				ASSETCATALOG_COMPILER_APPICON_NAME = AppIcon;
				ASSETCATALOG_COMPILER_GLOBAL_ACCENT_COLOR_NAME = AccentColor;
				CODE_SIGN_STYLE = Automatic;
				CURRENT_PROJECT_VERSION = 1;
				GENERATE_INFOPLIST_FILE = YES;
				INFOPLIST_FILE = calculator/Info.plist;
				INFOPLIST_KEY_UIApplicationSupportsIndirectInputEvents = YES;
				INFOPLIST_KEY_UILaunchStoryboardName = LaunchScreen;
				INFOPLIST_KEY_UIMainStoryboardFile = Main;
				INFOPLIST_KEY_UISupportedInterfaceOrientations_iPad = "UIInterfaceOrientationPortrait UIInterfaceOrientationPortraitUpsideDown UIInterfaceOrientationLandscapeLeft UIInterfaceOrientationLandscapeRight";
				INFOPLIST_KEY_UISupportedInterfaceOrientations_iPhone = "UIInterfaceOrientationPortrait UIInterfaceOrientationLandscapeLeft UIInterfaceOrientationLandscapeRight";
				LD_RUNPATH_SEARCH_PATHS = (
					"$(inherited)",
					"@executable_path/Frameworks",
				);
				MARKETING_VERSION = 1.0;
				PRODUCT_BUNDLE_IDENTIFIER = edu.auburn.onlinecsse.calculator;
				PRODUCT_NAME = "$(TARGET_NAME)";
				SWIFT_EMIT_LOC_STRINGS = YES;
				SWIFT_VERSION = 5.0;
				TARGETED_DEVICE_FAMILY = "1,2";
			};
			name = Debug;
		};
		DE3E78E42A294B9400D3A66D /* Release */ = {
			isa = XCBuildConfiguration;
			buildSettings = {
				ASSETCATALOG_COMPILER_APPICON_NAME = AppIcon;
				ASSETCATALOG_COMPILER_GLOBAL_ACCENT_COLOR_NAME = AccentColor;
				CODE_SIGN_STYLE = Automatic;
				CURRENT_PROJECT_VERSION = 1;
				GENERATE_INFOPLIST_FILE = YES;
				INFOPLIST_FILE = calculator/Info.plist;
				INFOPLIST_KEY_UIApplicationSupportsIndirectInputEvents = YES;
				INFOPLIST_KEY_UILaunchStoryboardName = LaunchScreen;
				INFOPLIST_KEY_UIMainStoryboardFile = Main;
				INFOPLIST_KEY_UISupportedInterfaceOrientations_iPad = "UIInterfaceOrientationPortrait UIInterfaceOrientationPortraitUpsideDown UIInterfaceOrientationLandscapeLeft UIInterfaceOrientationLandscapeRight";
				INFOPLIST_KEY_UISupportedInterfaceOrientations_iPhone = "UIInterfaceOrientationPortrait UIInterfaceOrientationLandscapeLeft UIInterfaceOrientationLandscapeRight";
				LD_RUNPATH_SEARCH_PATHS = (
					"$(inherited)",
					"@executable_path/Frameworks",
				);
				MARKETING_VERSION = 1.0;
				PRODUCT_BUNDLE_IDENTIFIER = edu.auburn.onlinecsse.calculator;
				PRODUCT_NAME = "$(TARGET_NAME)";
				SWIFT_EMIT_LOC_STRINGS = YES;
				SWIFT_VERSION = 5.0;
				TARGETED_DEVICE_FAMILY = "1,2";
			};
			name = Release;
		};
		DE3E78E62A294B9400D3A66D /* Debug */ = {
			isa = XCBuildConfiguration;
			buildSettings = {
				ALWAYS_EMBED_SWIFT_STANDARD_LIBRARIES = YES;
				BUNDLE_LOADER = "$(TEST_HOST)";
				CODE_SIGN_STYLE = Automatic;
				CURRENT_PROJECT_VERSION = 1;
				GENERATE_INFOPLIST_FILE = YES;
				IPHONEOS_DEPLOYMENT_TARGET = 16.4;
				MARKETING_VERSION = 1.0;
				PRODUCT_BUNDLE_IDENTIFIER = edu.auburn.onlinecsse.calculatorTests;
				PRODUCT_NAME = "$(TARGET_NAME)";
				SWIFT_EMIT_LOC_STRINGS = NO;
				SWIFT_VERSION = 5.0;
				TARGETED_DEVICE_FAMILY = "1,2";
				TEST_HOST = "$(BUILT_PRODUCTS_DIR)/calculator.app/$(BUNDLE_EXECUTABLE_FOLDER_PATH)/calculator";
			};
			name = Debug;
		};
		DE3E78E72A294B9400D3A66D /* Release */ = {
			isa = XCBuildConfiguration;
			buildSettings = {
				ALWAYS_EMBED_SWIFT_STANDARD_LIBRARIES = YES;
				BUNDLE_LOADER = "$(TEST_HOST)";
				CODE_SIGN_STYLE = Automatic;
				CURRENT_PROJECT_VERSION = 1;
				GENERATE_INFOPLIST_FILE = YES;
				IPHONEOS_DEPLOYMENT_TARGET = 16.4;
				MARKETING_VERSION = 1.0;
				PRODUCT_BUNDLE_IDENTIFIER = edu.auburn.onlinecsse.calculatorTests;
				PRODUCT_NAME = "$(TARGET_NAME)";
				SWIFT_EMIT_LOC_STRINGS = NO;
				SWIFT_VERSION = 5.0;
				TARGETED_DEVICE_FAMILY = "1,2";
				TEST_HOST = "$(BUILT_PRODUCTS_DIR)/calculator.app/$(BUNDLE_EXECUTABLE_FOLDER_PATH)/calculator";
			};
			name = Release;
		};
		DE3E78E92A294B9400D3A66D /* Debug */ = {
			isa = XCBuildConfiguration;
			buildSettings = {
				ALWAYS_EMBED_SWIFT_STANDARD_LIBRARIES = YES;
				CODE_SIGN_STYLE = Automatic;
				CURRENT_PROJECT_VERSION = 1;
				GENERATE_INFOPLIST_FILE = YES;
				MARKETING_VERSION = 1.0;
				PRODUCT_BUNDLE_IDENTIFIER = edu.auburn.onlinecsse.calculatorUITests;
				PRODUCT_NAME = "$(TARGET_NAME)";
				SWIFT_EMIT_LOC_STRINGS = NO;
				SWIFT_VERSION = 5.0;
				TARGETED_DEVICE_FAMILY = "1,2";
				TEST_TARGET_NAME = calculator;
			};
			name = Debug;
		};
		DE3E78EA2A294B9400D3A66D /* Release */ = {
			isa = XCBuildConfiguration;
			buildSettings = {
				ALWAYS_EMBED_SWIFT_STANDARD_LIBRARIES = YES;
				CODE_SIGN_STYLE = Automatic;
				CURRENT_PROJECT_VERSION = 1;
				GENERATE_INFOPLIST_FILE = YES;
				MARKETING_VERSION = 1.0;
				PRODUCT_BUNDLE_IDENTIFIER = edu.auburn.onlinecsse.calculatorUITests;
				PRODUCT_NAME = "$(TARGET_NAME)";
				SWIFT_EMIT_LOC_STRINGS = NO;
				SWIFT_VERSION = 5.0;
				TARGETED_DEVICE_FAMILY = "1,2";
				TEST_TARGET_NAME = calculator;
			};
			name = Release;
		};
/* End XCBuildConfiguration section */

/* Begin XCConfigurationList section */
		DE3E78B32A294B9100D3A66D /* Build configuration list for PBXProject "calculator" */ = {
			isa = XCConfigurationList;
			buildConfigurations = (
				DE3E78E02A294B9400D3A66D /* Debug */,
				DE3E78E12A294B9400D3A66D /* Release */,
			);
			defaultConfigurationIsVisible = 0;
			defaultConfigurationName = Release;
		};
		DE3E78E22A294B9400D3A66D /* Build configuration list for PBXNativeTarget "calculator" */ = {
			isa = XCConfigurationList;
			buildConfigurations = (
				DE3E78E32A294B9400D3A66D /* Debug */,
				DE3E78E42A294B9400D3A66D /* Release */,
			);
			defaultConfigurationIsVisible = 0;
			defaultConfigurationName = Release;
		};
		DE3E78E52A294B9400D3A66D /* Build configuration list for PBXNativeTarget "calculatorTests" */ = {
			isa = XCConfigurationList;
			buildConfigurations = (
				DE3E78E62A294B9400D3A66D /* Debug */,
				DE3E78E72A294B9400D3A66D /* Release */,
			);
			defaultConfigurationIsVisible = 0;
			defaultConfigurationName = Release;
		};
		DE3E78E82A294B9400D3A66D /* Build configuration list for PBXNativeTarget "calculatorUITests" */ = {
			isa = XCConfigurationList;
			buildConfigurations = (
				DE3E78E92A294B9400D3A66D /* Debug */,
				DE3E78EA2A294B9400D3A66D /* Release */,
			);
			defaultConfigurationIsVisible = 0;
			defaultConfigurationName = Release;
		};
/* End XCConfigurationList section */
	};
	rootObject = DE3E78B02A294B9100D3A66D /* Project object */;
}
